
Microsoft Visual Studio Solution File, Format Version 12.00
Project("{FAE04EC0-301F-11D3-BF4B-00C04F79EFBC}") = "DiscuzSSO", "DiscuzSSO\DiscuzSSO.csproj", "{419D42E4-563E-4279-A278-632DA3145276}"
EndProject
Global
	GlobalSection(SolutionConfigurationPlatforms) = preSolution
		Debug|Any CPU = Debug|Any CPU
		Release|Any CPU = Release|Any CPU
	EndGlobalSection
	GlobalSection(ProjectConfigurationPlatforms) = postSolution
		{419D42E4-563E-4279-A278-632DA3145276}.Debug|Any CPU.ActiveCfg = Debug|Any CPU
		{419D42E4-563E-4279-A278-632DA3145276}.Debug|Any CPU.Build.0 = Debug|Any CPU
		{419D42E4-563E-4279-A278-632DA3145276}.Release|Any CPU.ActiveCfg = Release|Any CPU
		{419D42E4-563E-4279-A278-632DA3145276}.Release|Any CPU.Build.0 = Release|Any CPU
	EndGlobalSection
EndGlobal
